
Microsoft Visual Studio Solution File, Format Version 12.00
# Visual Studio Version 17
VisualStudioVersion = 17.12.35527.113 d17.12
MinimumVisualStudioVersion = 10.0.40219.1
Project("{FAE04EC0-301F-11D3-BF4B-00C04F79EFBC}") = "APIS", "APIS\APIS.csproj", "{5B258E7B-D9D3-49D3-BFDA-F7BA489C76B8}"
EndProject
Project("{FAE04EC0-301F-11D3-BF4B-00C04F79EFBC}") = "Core", "Core\Core.csproj", "{E6BAF4BA-9E2B-4F36-8DE5-F9B087A5B301}"
EndProject
Project("{FAE04EC0-301F-11D3-BF4B-00C04F79EFBC}") = "Infrastructure", "Infrastructure\Infrastructure.csproj", "{E1B0E9E6-79A2-42FE-82BA-5DFEC427046D}"
EndProject
Global
	GlobalSection(SolutionConfigurationPlatforms) = preSolution
		Debug|Any CPU = Debug|Any CPU
		Release|Any CPU = Release|Any CPU
	EndGlobalSection
	GlobalSection(ProjectConfigurationPlatforms) = postSolution
		{5B258E7B-D9D3-49D3-BFDA-F7BA489C76B8}.Debug|Any CPU.ActiveCfg = Debug|Any CPU
		{5B258E7B-D9D3-49D3-BFDA-F7BA489C76B8}.Debug|Any CPU.Build.0 = Debug|Any CPU
		{5B258E7B-D9D3-49D3-BFDA-F7BA489C76B8}.Release|Any CPU.ActiveCfg = Release|Any CPU
		{5B258E7B-D9D3-49D3-BFDA-F7BA489C76B8}.Release|Any CPU.Build.0 = Release|Any CPU
		{E6BAF4BA-9E2B-4F36-8DE5-F9B087A5B301}.Debug|Any CPU.ActiveCfg = Debug|Any CPU
		{E6BAF4BA-9E2B-4F36-8DE5-F9B087A5B301}.Debug|Any CPU.Build.0 = Debug|Any CPU
		{E6BAF4BA-9E2B-4F36-8DE5-F9B087A5B301}.Release|Any CPU.ActiveCfg = Release|Any CPU
		{E6BAF4BA-9E2B-4F36-8DE5-F9B087A5B301}.Release|Any CPU.Build.0 = Release|Any CPU
		{E1B0E9E6-79A2-42FE-82BA-5DFEC427046D}.Debug|Any CPU.ActiveCfg = Debug|Any CPU
		{E1B0E9E6-79A2-42FE-82BA-5DFEC427046D}.Debug|Any CPU.Build.0 = Debug|Any CPU
		{E1B0E9E6-79A2-42FE-82BA-5DFEC427046D}.Release|Any CPU.ActiveCfg = Release|Any CPU
		{E1B0E9E6-79A2-42FE-82BA-5DFEC427046D}.Release|Any CPU.Build.0 = Release|Any CPU
	EndGlobalSection
	GlobalSection(SolutionProperties) = preSolution
		HideSolutionNode = FALSE
	EndGlobalSection
EndGlobal
